# THIS IS AN AUTOGENERATED FILE. DO NOT EDIT THIS FILE DIRECTLY.
# yarn lockfile v1


"@quilted/react-html@^0.0.1":
  version "0.0.1"
  resolved "https://registry.yarnpkg.com/@quilted/react-html/-/react-html-0.0.1.tgz#053906797c48f415c5e6115c3b6a428e5cc5dbaa"
  integrity sha512-mMnRPslV/8sICVJW0oGTFtEjV/DHWE1MR1aHXtDg91EbN4sWWTTlCyhC7J1z1fcux30aGnIL0jNDJTN7x/IRzQ==
  dependencies:
    "@types/react" ">=16.9.14"
    serialize-javascript "^2.1.0"

"@quilted/react-server-render@^0.0.1":
  version "0.0.1"
  resolved "https://registry.yarnpkg.com/@quilted/react-server-render/-/react-server-render-0.0.1.tgz#0468b6dbb5985881518f053cf56d8f274f593e0d"
  integrity sha512-9odvjh3BR4dhnVtJLWknZMTz7Kwsr8t9zXthRaJ9/Fq0mHFLY29Me5jxOLPrcwuVdu1WZaRKYbFPmJCFaUEdeg==
  dependencies:
    "@types/react" ">=16.9.14"

"@types/prop-types@*":
  version "15.7.3"
  resolved "https://registry.yarnpkg.com/@types/prop-types/-/prop-types-15.7.3.tgz#2ab0d5da2e5815f94b0b9d4b95d1e5f243ab2ca7"
  integrity sha512-KfRL3PuHmqQLOG+2tGpRO26Ctg+Cq1E01D2DMriKEATHgWLfeNDmq9e29Q9WIky0dQ3NPkd1mzYH8Lm936Z9qw==

"@types/react@>=16.9.14":
  version "16.9.14"
  resolved "https://registry.yarnpkg.com/@types/react/-/react-16.9.14.tgz#7f1158ce450b4b5aa83b1c5e1324fa75f348bdd1"
  integrity sha512-Q4tW4RGmR+u/CgzR8VqZcsUWjP4Pz/LcHfs9AzSG+aBnwq8As3Bid3vG1eGGsXg/xuR2k2tqNlI8pzyV8kxe0g==
  dependencies:
    "@types/prop-types" "*"
    csstype "^2.2.0"

csstype@^2.2.0:
  version "2.6.7"
  resolved "https://registry.yarnpkg.com/csstype/-/csstype-2.6.7.tgz#20b0024c20b6718f4eda3853a1f5a1cce7f5e4a5"
  integrity sha512-9Mcn9sFbGBAdmimWb2gLVDtFJzeKtDGIr76TUqmjZrw9LFXBMSU70lcs+C0/7fyCd6iBDqmksUcCOUIkisPHsQ==

serialize-javascript@^2.1.0:
  version "2.1.0"
  resolved "https://registry.yarnpkg.com/serialize-javascript/-/serialize-javascript-2.1.0.tgz#9310276819efd0eb128258bb341957f6eb2fc570"
  integrity sha512-a/mxFfU00QT88umAJQsNWOnUKckhNCqOl028N48e7wFmo2/EHpTo9Wso+iJJCMrQnmFvcjto5RJdAHEvVhcyUQ==
